
Microsoft Visual Studio Solution File, Format Version 12.00
# Visual Studio Version 17
VisualStudioVersion = 17.2.32516.85
MinimumVisualStudioVersion = 10.0.40219.1
Project("{888888A0-9F3D-457C-B088-3A5042F75D52}") = "Games GUI", "Games GUI.pyproj", "{0C1484F5-9BF5-49B3-967F-033B458805CD}"
EndProject
Global
	GlobalSection(SolutionConfigurationPlatforms) = preSolution
		Debug|Any CPU = Debug|Any CPU
		Release|Any CPU = Release|Any CPU
	EndGlobalSection
	GlobalSection(ProjectConfigurationPlatforms) = postSolution
		{0C1484F5-9BF5-49B3-967F-033B458805CD}.Debug|Any CPU.ActiveCfg = Debug|Any CPU
		{0C1484F5-9BF5-49B3-967F-033B458805CD}.Release|Any CPU.ActiveCfg = Release|Any CPU
	EndGlobalSection
	GlobalSection(SolutionProperties) = preSolution
		HideSolutionNode = FALSE
	EndGlobalSection
	GlobalSection(ExtensibilityGlobals) = postSolution
		SolutionGuid = {CFEDF42C-03A6-4E1F-B43F-CA44B04D87E3}
	EndGlobalSection
EndGlobal
